// !$*UTF8*$!
{
	archiveVersion = 1;
	classes = {
	};
	objectVersion = 46;
	objects = {

/* Begin PBXBuildFile section */
		4E0395D51E1CCFCA00D60FA4 /* runtime in Resources */ = {isa = PBXBuildFile; fileRef = 4E0395D41E1CCFCA00D60FA4 /* runtime */; };
		4E0395D81E1CD27500D60FA4 /* UIViewController+swizzling.m in Sources */ = {isa = PBXBuildFile; fileRef = 4E0395D71E1CD27500D60FA4 /* UIViewController+swizzling.m */; };
		4E0395DB1E1CD43B00D60FA4 /* MRViewController.m in Sources */ = {isa = PBXBuildFile; fileRef = 4E0395DA1E1CD43B00D60FA4 /* MRViewController.m */; };
		4E0395DF1E1CE03500D60FA4 /* NSMutableArray+swizzling.m in Sources */ = {isa = PBXBuildFile; fileRef = 4E0395DE1E1CE03500D60FA4 /* NSMutableArray+swizzling.m */; };
		4E4A58E61E1C986600772CEA /* main.m in Sources */ = {isa = PBXBuildFile; fileRef = 4E4A58E51E1C986600772CEA /* main.m */; };
		4E4A58E91E1C986600772CEA /* AppDelegate.m in Sources */ = {isa = PBXBuildFile; fileRef = 4E4A58E81E1C986600772CEA /* AppDelegate.m */; };
		4E4A58EC1E1C986600772CEA /* ViewController.m in Sources */ = {isa = PBXBuildFile; fileRef = 4E4A58EB1E1C986600772CEA /* ViewController.m */; };
		4E4A58EF1E1C986600772CEA /* Main.storyboard in Resources */ = {isa = PBXBuildFile; fileRef = 4E4A58ED1E1C986600772CEA /* Main.storyboard */; };
		4E4A58F11E1C986600772CEA /* Assets.xcassets in Resources */ = {isa = PBXBuildFile; fileRef = 4E4A58F01E1C986600772CEA /* Assets.xcassets */; };
		4E4A58F41E1C986600772CEA /* LaunchScreen.storyboard in Resources */ = {isa = PBXBuildFile; fileRef = 4E4A58F21E1C986600772CEA /* LaunchScreen.storyboard */; };
		4E4A58FD1E1C997200772CEA /* TestObj.m in Sources */ = {isa = PBXBuildFile; fileRef = 4E4A58FC1E1C997200772CEA /* TestObj.m */; };
/* End PBXBuildFile section */

/* Begin PBXFileReference section */
		4E0395D41E1CCFCA00D60FA4 /* runtime */ = {isa = PBXFileReference; fileEncoding = 4; lastKnownFileType = text; path = runtime; sourceTree = "<group>"; };
		4E0395D61E1CD27500D60FA4 /* UIViewController+swizzling.h */ = {isa = PBXFileReference; fileEncoding = 4; lastKnownFileType = sourcecode.c.h; path = "UIViewController+swizzling.h"; sourceTree = "<group>"; };
		4E0395D71E1CD27500D60FA4 /* UIViewController+swizzling.m */ = {isa = PBXFileReference; fileEncoding = 4; lastKnownFileType = sourcecode.c.objc; path = "UIViewController+swizzling.m"; sourceTree = "<group>"; };
		4E0395D91E1CD43B00D60FA4 /* MRViewController.h */ = {isa = PBXFileReference; fileEncoding = 4; lastKnownFileType = sourcecode.c.h; path = MRViewController.h; sourceTree = "<group>"; };
		4E0395DA1E1CD43B00D60FA4 /* MRViewController.m */ = {isa = PBXFileReference; fileEncoding = 4; lastKnownFileType = sourcecode.c.objc; path = MRViewController.m; sourceTree = "<group>"; };
		4E0395DD1E1CE03500D60FA4 /* NSMutableArray+swizzling.h */ = {isa = PBXFileReference; fileEncoding = 4; lastKnownFileType = sourcecode.c.h; path = "NSMutableArray+swizzling.h"; sourceTree = "<group>"; };
		4E0395DE1E1CE03500D60FA4 /* NSMutableArray+swizzling.m */ = {isa = PBXFileReference; fileEncoding = 4; lastKnownFileType = sourcecode.c.objc; path = "NSMutableArray+swizzling.m"; sourceTree = "<group>"; };
		4E4A58E11E1C986600772CEA /* RuntimeTest.app */ = {isa = PBXFileReference; explicitFileType = wrapper.application; includeInIndex = 0; path = RuntimeTest.app; sourceTree = BUILT_PRODUCTS_DIR; };
		4E4A58E51E1C986600772CEA /* main.m */ = {isa = PBXFileReference; lastKnownFileType = sourcecode.c.objc; path = main.m; sourceTree = "<group>"; };
		4E4A58E71E1C986600772CEA /* AppDelegate.h */ = {isa = PBXFileReference; lastKnownFileType = sourcecode.c.h; path = AppDelegate.h; sourceTree = "<group>"; };
		4E4A58E81E1C986600772CEA /* AppDelegate.m */ = {isa = PBXFileReference; lastKnownFileType = sourcecode.c.objc; path = AppDelegate.m; sourceTree = "<group>"; };
		4E4A58EA1E1C986600772CEA /* ViewController.h */ = {isa = PBXFileReference; lastKnownFileType = sourcecode.c.h; path = ViewController.h; sourceTree = "<group>"; };
		4E4A58EB1E1C986600772CEA /* ViewController.m */ = {isa = PBXFileReference; lastKnownFileType = sourcecode.c.objc; path = ViewController.m; sourceTree = "<group>"; };
		4E4A58EE1E1C986600772CEA /* Base */ = {isa = PBXFileReference; lastKnownFileType = file.storyboard; name = Base; path = Base.lproj/Main.storyboard; sourceTree = "<group>"; };
		4E4A58F01E1C986600772CEA /* Assets.xcassets */ = {isa = PBXFileReference; lastKnownFileType = folder.assetcatalog; path = Assets.xcassets; sourceTree = "<group>"; };
		4E4A58F31E1C986600772CEA /* Base */ = {isa = PBXFileReference; lastKnownFileType = file.storyboard; name = Base; path = Base.lproj/LaunchScreen.storyboard; sourceTree = "<group>"; };
		4E4A58F51E1C986600772CEA /* Info.plist */ = {isa = PBXFileReference; lastKnownFileType = text.plist.xml; path = Info.plist; sourceTree = "<group>"; };
		4E4A58FB1E1C997200772CEA /* TestObj.h */ = {isa = PBXFileReference; fileEncoding = 4; lastKnownFileType = sourcecode.c.h; path = TestObj.h; sourceTree = "<group>"; };
		4E4A58FC1E1C997200772CEA /* TestObj.m */ = {isa = PBXFileReference; fileEncoding = 4; lastKnownFileType = sourcecode.c.objc; path = TestObj.m; sourceTree = "<group>"; };
/* End PBXFileReference section */

/* Begin PBXFrameworksBuildPhase section */
		4E4A58DE1E1C986600772CEA /* Frameworks */ = {
			isa = PBXFrameworksBuildPhase;
			buildActionMask = 2147483647;
			files = (
			);
			runOnlyForDeploymentPostprocessing = 0;
		};
/* End PBXFrameworksBuildPhase section */

/* Begin PBXGroup section */
		4E4A58D81E1C986600772CEA = {
			isa = PBXGroup;
			children = (
				4E4A58E31E1C986600772CEA /* RuntimeTest */,
				4E4A58E21E1C986600772CEA /* Products */,
			);
			sourceTree = "<group>";
		};
		4E4A58E21E1C986600772CEA /* Products */ = {
			isa = PBXGroup;
			children = (
				4E4A58E11E1C986600772CEA /* RuntimeTest.app */,
			);
			name = Products;
			sourceTree = "<group>";
		};
		4E4A58E31E1C986600772CEA /* RuntimeTest */ = {
			isa = PBXGroup;
			children = (
				4E0395D41E1CCFCA00D60FA4 /* runtime */,
				4E4A58E71E1C986600772CEA /* AppDelegate.h */,
				4E4A58E81E1C986600772CEA /* AppDelegate.m */,
				4E4A58EA1E1C986600772CEA /* ViewController.h */,
				4E4A58EB1E1C986600772CEA /* ViewController.m */,
				4E0395D61E1CD27500D60FA4 /* UIViewController+swizzling.h */,
				4E0395D71E1CD27500D60FA4 /* UIViewController+swizzling.m */,
				4E0395D91E1CD43B00D60FA4 /* MRViewController.h */,
				4E0395DA1E1CD43B00D60FA4 /* MRViewController.m */,
				4E4A58FB1E1C997200772CEA /* TestObj.h */,
				4E4A58FC1E1C997200772CEA /* TestObj.m */,
				4E0395DD1E1CE03500D60FA4 /* NSMutableArray+swizzling.h */,
				4E0395DE1E1CE03500D60FA4 /* NSMutableArray+swizzling.m */,
				4E4A58ED1E1C986600772CEA /* Main.storyboard */,
				4E4A58F01E1C986600772CEA /* Assets.xcassets */,
				4E4A58F21E1C986600772CEA /* LaunchScreen.storyboard */,
				4E4A58F51E1C986600772CEA /* Info.plist */,
				4E4A58E41E1C986600772CEA /* Supporting Files */,
			);
			path = RuntimeTest;
			sourceTree = "<group>";
		};
		4E4A58E41E1C986600772CEA /* Supporting Files */ = {
			isa = PBXGroup;
			children = (
				4E4A58E51E1C986600772CEA /* main.m */,
			);
			name = "Supporting Files";
			sourceTree = "<group>";
		};
/* End PBXGroup section */

/* Begin PBXNativeTarget section */
		4E4A58E01E1C986600772CEA /* RuntimeTest */ = {
			isa = PBXNativeTarget;
			buildConfigurationList = 4E4A58F81E1C986600772CEA /* Build configuration list for PBXNativeTarget "RuntimeTest" */;
			buildPhases = (
				4E4A58DD1E1C986600772CEA /* Sources */,
				4E4A58DE1E1C986600772CEA /* Frameworks */,
				4E4A58DF1E1C986600772CEA /* Resources */,
			);
			buildRules = (
			);
			dependencies = (
			);
			name = RuntimeTest;
			productName = RuntimeTest;
			productReference = 4E4A58E11E1C986600772CEA /* RuntimeTest.app */;
			productType = "com.apple.product-type.application";
		};
/* End PBXNativeTarget section */

/* Begin PBXProject section */
		4E4A58D91E1C986600772CEA /* Project object */ = {
			isa = PBXProject;
			attributes = {
				LastUpgradeCheck = 0820;
				ORGANIZATIONNAME = mrscorpion;
				TargetAttributes = {
					4E4A58E01E1C986600772CEA = {
						CreatedOnToolsVersion = 8.2.1;
						DevelopmentTeam = GXHE3742MX;
						ProvisioningStyle = Automatic;
					};
				};
			};
			buildConfigurationList = 4E4A58DC1E1C986600772CEA /* Build configuration list for PBXProject "RuntimeTest" */;
			compatibilityVersion = "Xcode 3.2";
			developmentRegion = English;
			hasScannedForEncodings = 0;
			knownRegions = (
				en,
				Base,
			);
			mainGroup = 4E4A58D81E1C986600772CEA;
			productRefGroup = 4E4A58E21E1C986600772CEA /* Products */;
			projectDirPath = "";
			projectRoot = "";
			targets = (
				4E4A58E01E1C986600772CEA /* RuntimeTest */,
			);
		};
/* End PBXProject section */

/* Begin PBXResourcesBuildPhase section */
		4E4A58DF1E1C986600772CEA /* Resources */ = {
			isa = PBXResourcesBuildPhase;
			buildActionMask = 2147483647;
			files = (
				4E4A58F41E1C986600772CEA /* LaunchScreen.storyboard in Resources */,
				4E4A58F11E1C986600772CEA /* Assets.xcassets in Resources */,
				4E4A58EF1E1C986600772CEA /* Main.storyboard in Resources */,
				4E0395D51E1CCFCA00D60FA4 /* runtime in Resources */,
			);
			runOnlyForDeploymentPostprocessing = 0;
		};
/* End PBXResourcesBuildPhase section */

/* Begin PBXSourcesBuildPhase section */
		4E4A58DD1E1C986600772CEA /* Sources */ = {
			isa = PBXSourcesBuildPhase;
			buildActionMask = 2147483647;
			files = (
				4E4A58EC1E1C986600772CEA /* ViewController.m in Sources */,
				4E0395DB1E1CD43B00D60FA4 /* MRViewController.m in Sources */,
				4E4A58E91E1C986600772CEA /* AppDelegate.m in Sources */,
				4E0395D81E1CD27500D60FA4 /* UIViewController+swizzling.m in Sources */,
				4E4A58E61E1C986600772CEA /* main.m in Sources */,
				4E0395DF1E1CE03500D60FA4 /* NSMutableArray+swizzling.m in Sources */,
				4E4A58FD1E1C997200772CEA /* TestObj.m in Sources */,
			);
			runOnlyForDeploymentPostprocessing = 0;
		};
/* End PBXSourcesBuildPhase section */

/* Begin PBXVariantGroup section */
		4E4A58ED1E1C986600772CEA /* Main.storyboard */ = {
			isa = PBXVariantGroup;
			children = (
				4E4A58EE1E1C986600772CEA /* Base */,
			);
			name = Main.storyboard;
			sourceTree = "<group>";
		};
		4E4A58F21E1C986600772CEA /* LaunchScreen.storyboard */ = {
			isa = PBXVariantGroup;
			children = (
				4E4A58F31E1C986600772CEA /* Base */,
			);
			name = LaunchScreen.storyboard;
			sourceTree = "<group>";
		};
/* End PBXVariantGroup section */

/* Begin XCBuildConfiguration section */
		4E4A58F61E1C986600772CEA /* Debug */ = {
			isa = XCBuildConfiguration;
			buildSettings = {
				ALWAYS_SEARCH_USER_PATHS = NO;
				CLANG_ANALYZER_NONNULL = YES;
				CLANG_CXX_LANGUAGE_STANDARD = "gnu++0x";
				CLANG_CXX_LIBRARY = "libc++";
				CLANG_ENABLE_MODULES = YES;
				CLANG_ENABLE_OBJC_ARC = YES;
				CLANG_WARN_BOOL_CONVERSION = YES;
				CLANG_WARN_CONSTANT_CONVERSION = YES;
				CLANG_WARN_DIRECT_OBJC_ISA_USAGE = YES_ERROR;
				CLANG_WARN_DOCUMENTATION_COMMENTS = YES;
				CLANG_WARN_EMPTY_BODY = YES;
				CLANG_WARN_ENUM_CONVERSION = YES;
				CLANG_WARN_INFINITE_RECURSION = YES;
				CLANG_WARN_INT_CONVERSION = YES;
				CLANG_WARN_OBJC_ROOT_CLASS = YES_ERROR;
				CLANG_WARN_SUSPICIOUS_MOVE = YES;
				CLANG_WARN_UNREACHABLE_CODE = YES;
				CLANG_WARN__DUPLICATE_METHOD_MATCH = YES;
				"CODE_SIGN_IDENTITY[sdk=iphoneos*]" = "iPhone Developer";
				COPY_PHASE_STRIP = NO;
				DEBUG_INFORMATION_FORMAT = dwarf;
				ENABLE_STRICT_OBJC_MSGSEND = YES;
				ENABLE_TESTABILITY = YES;
				GCC_C_LANGUAGE_STANDARD = gnu99;
				GCC_DYNAMIC_NO_PIC = NO;
				GCC_NO_COMMON_BLOCKS = YES;
				GCC_OPTIMIZATION_LEVEL = 0;
				GCC_PREPROCESSOR_DEFINITIONS = (
					"DEBUG=1",
					"$(inherited)",
				);
				GCC_WARN_64_TO_32_BIT_CONVERSION = YES;
				GCC_WARN_ABOUT_RETURN_TYPE = YES_ERROR;
				GCC_WARN_UNDECLARED_SELECTOR = YES;
				GCC_WARN_UNINITIALIZED_AUTOS = YES_AGGRESSIVE;
				GCC_WARN_UNUSED_FUNCTION = YES;
				GCC_WARN_UNUSED_VARIABLE = YES;
				IPHONEOS_DEPLOYMENT_TARGET = 10.2;
				MTL_ENABLE_DEBUG_INFO = YES;
				ONLY_ACTIVE_ARCH = YES;
				SDKROOT = iphoneos;
				TARGETED_DEVICE_FAMILY = "1,2";
			};
			name = Debug;
		};
		4E4A58F71E1C986600772CEA /* Release */ = {
			isa = XCBuildConfiguration;
			buildSettings = {
				ALWAYS_SEARCH_USER_PATHS = NO;
				CLANG_ANALYZER_NONNULL = YES;
				CLANG_CXX_LANGUAGE_STANDARD = "gnu++0x";
				CLANG_CXX_LIBRARY = "libc++";
				CLANG_ENABLE_MODULES = YES;
				CLANG_ENABLE_OBJC_ARC = YES;
				CLANG_WARN_BOOL_CONVERSION = YES;
				CLANG_WARN_CONSTANT_CONVERSION = YES;
				CLANG_WARN_DIRECT_OBJC_ISA_USAGE = YES_ERROR;
				CLANG_WARN_DOCUMENTATION_COMMENTS = YES;
				CLANG_WARN_EMPTY_BODY = YES;
				CLANG_WARN_ENUM_CONVERSION = YES;
				CLANG_WARN_INFINITE_RECURSION = YES;
				CLANG_WARN_INT_CONVERSION = YES;
				CLANG_WARN_OBJC_ROOT_CLASS = YES_ERROR;
				CLANG_WARN_SUSPICIOUS_MOVE = YES;
				CLANG_WARN_UNREACHABLE_CODE = YES;
				CLANG_WARN__DUPLICATE_METHOD_MATCH = YES;
				"CODE_SIGN_IDENTITY[sdk=iphoneos*]" = "iPhone Developer";
				COPY_PHASE_STRIP = NO;
				DEBUG_INFORMATION_FORMAT = "dwarf-with-dsym";
				ENABLE_NS_ASSERTIONS = NO;
				ENABLE_STRICT_OBJC_MSGSEND = YES;
				GCC_C_LANGUAGE_STANDARD = gnu99;
				GCC_NO_COMMON_BLOCKS = YES;
				GCC_WARN_64_TO_32_BIT_CONVERSION = YES;
				GCC_WARN_ABOUT_RETURN_TYPE = YES_ERROR;
				GCC_WARN_UNDECLARED_SELECTOR = YES;
				GCC_WARN_UNINITIALIZED_AUTOS = YES_AGGRESSIVE;
				GCC_WARN_UNUSED_FUNCTION = YES;
				GCC_WARN_UNUSED_VARIABLE = YES;
				IPHONEOS_DEPLOYMENT_TARGET = 10.2;
				MTL_ENABLE_DEBUG_INFO = NO;
				SDKROOT = iphoneos;
				TARGETED_DEVICE_FAMILY = "1,2";
				VALIDATE_PRODUCT = YES;
			};
			name = Release;
		};
		4E4A58F91E1C986600772CEA /* Debug */ = {
			isa = XCBuildConfiguration;
			buildSettings = {
				ASSETCATALOG_COMPILER_APPICON_NAME = AppIcon;
				DEVELOPMENT_TEAM = GXHE3742MX;
				INFOPLIST_FILE = RuntimeTest/Info.plist;
				LD_RUNPATH_SEARCH_PATHS = "$(inherited) @executable_path/Frameworks";
				PRODUCT_BUNDLE_IDENTIFIER = com.mrscorpion.RuntimeTest;
				PRODUCT_NAME = "$(TARGET_NAME)";
			};
			name = Debug;
		};
		4E4A58FA1E1C986600772CEA /* Release */ = {
			isa = XCBuildConfiguration;
			buildSettings = {
				ASSETCATALOG_COMPILER_APPICON_NAME = AppIcon;
				DEVELOPMENT_TEAM = GXHE3742MX;
				INFOPLIST_FILE = RuntimeTest/Info.plist;
				LD_RUNPATH_SEARCH_PATHS = "$(inherited) @executable_path/Frameworks";
				PRODUCT_BUNDLE_IDENTIFIER = com.mrscorpion.RuntimeTest;
				PRODUCT_NAME = "$(TARGET_NAME)";
			};
			name = Release;
		};
/* End XCBuildConfiguration section */

/* Begin XCConfigurationList section */
		4E4A58DC1E1C986600772CEA /* Build configuration list for PBXProject "RuntimeTest" */ = {
			isa = XCConfigurationList;
			buildConfigurations = (
				4E4A58F61E1C986600772CEA /* Debug */,
				4E4A58F71E1C986600772CEA /* Release */,
			);
			defaultConfigurationIsVisible = 0;
			defaultConfigurationName = Release;
		};
		4E4A58F81E1C986600772CEA /* Build configuration list for PBXNativeTarget "RuntimeTest" */ = {
			isa = XCConfigurationList;
			buildConfigurations = (
				4E4A58F91E1C986600772CEA /* Debug */,
				4E4A58FA1E1C986600772CEA /* Release */,
			);
			defaultConfigurationIsVisible = 0;
			defaultConfigurationName = Release;
		};
/* End XCConfigurationList section */
	};
	rootObject = 4E4A58D91E1C986600772CEA /* Project object */;
}
